// !$*UTF8*$!
{
	archiveVersion = 1;
	classes = {
	};
	objectVersion = 77;
	objects = {

/* Begin PBXBuildFile section */
		2950E5D3A9DD94ECBBC7CC4C /* Pods_WhatsAppClone.framework in Frameworks */ = {isa = PBXBuildFile; fileRef = 08E0AF6ED48CC6999BBDC86B /* Pods_WhatsAppClone.framework */; };
		2C4A5890DFD070CF61E76202 /* Pods_WhatsAppCloneTests.framework in Frameworks */ = {isa = PBXBuildFile; fileRef = BF143F889F1AB3EDCE168916 /* Pods_WhatsAppCloneTests.framework */; };
		33F1BB101D81E96FB8633CD2 /* Pods_WhatsAppClone_WhatsAppCloneUITests.framework in Frameworks */ = {isa = PBXBuildFile; fileRef = E0112DBDC20361C62F36743C /* Pods_WhatsAppClone_WhatsAppCloneUITests.framework */; };
		4A3CB2B22CEF73E6005C1BB7 /* RecentChat.swift in Sources */ = {isa = PBXBuildFile; fileRef = 4A3CB2B12CEF73E6005C1BB7 /* RecentChat.swift */; };
		4A3CB2B52CEF83CE005C1BB7 /* RecentChatTableViewCell.swift in Sources */ = {isa = PBXBuildFile; fileRef = 4A3CB2B42CEF83CE005C1BB7 /* RecentChatTableViewCell.swift */; };
		4A3CB2B72CEF8FAC005C1BB7 /* Extension.swift in Sources */ = {isa = PBXBuildFile; fileRef = 4A3CB2B62CEF8FAC005C1BB7 /* Extension.swift */; };
		4A3CB2B92CEF94C8005C1BB7 /* StartChatHelper.swift in Sources */ = {isa = PBXBuildFile; fileRef = 4A3CB2B82CEF94C8005C1BB7 /* StartChatHelper.swift */; };
		4A3CB2BB2CEF9EB5005C1BB7 /* FirebaseRecentChatListener.swift in Sources */ = {isa = PBXBuildFile; fileRef = 4A3CB2BA2CEF9EB5005C1BB7 /* FirebaseRecentChatListener.swift */; };
		4A3CB2BD2CEFA9A6005C1BB7 /* RecentChatTableViewController.swift in Sources */ = {isa = PBXBuildFile; fileRef = 4A3CB2BC2CEFA9A6005C1BB7 /* RecentChatTableViewController.swift */; };
		4A47BCB72CEE68F900873AF8 /* Assets.xcassets in Resources */ = {isa = PBXBuildFile; fileRef = 4A47BCAB2CEE68F800873AF8 /* Assets.xcassets */; };
		4A47BCB82CEE68F900873AF8 /* GoogleService-Info.plist in Resources */ = {isa = PBXBuildFile; fileRef = 4A47BCAD2CEE68F800873AF8 /* GoogleService-Info.plist */; };
		4A47BCBA2CEE68F900873AF8 /* LaunchScreen.storyboard in Resources */ = {isa = PBXBuildFile; fileRef = 4A47BCB02CEE68F800873AF8 /* LaunchScreen.storyboard */; };
		4A47BCBB2CEE68F900873AF8 /* Main.storyboard in Resources */ = {isa = PBXBuildFile; fileRef = 4A47BCB22CEE68F800873AF8 /* Main.storyboard */; };
		4A47BCBC2CEE68F900873AF8 /* FCollectionReference.swift in Sources */ = {isa = PBXBuildFile; fileRef = 4A47BC972CEE68F800873AF8 /* FCollectionReference.swift */; };
		4A47BCBD2CEE68F900873AF8 /* FirebaseStorageHelper.swift in Sources */ = {isa = PBXBuildFile; fileRef = 4A47BC982CEE68F800873AF8 /* FirebaseStorageHelper.swift */; };
		4A47BCBE2CEE68F900873AF8 /* FirebaseUserListener.swift in Sources */ = {isa = PBXBuildFile; fileRef = 4A47BC992CEE68F800873AF8 /* FirebaseUserListener.swift */; };
		4A47BCBF2CEE68F900873AF8 /* Util.swift in Sources */ = {isa = PBXBuildFile; fileRef = 4A47BC9B2CEE68F800873AF8 /* Util.swift */; };
		4A47BCC22CEE68F900873AF8 /* User.swift in Sources */ = {isa = PBXBuildFile; fileRef = 4A47BC9F2CEE68F800873AF8 /* User.swift */; };
		4A47BCC32CEE68F900873AF8 /* ContactsTableViewCell.swift in Sources */ = {isa = PBXBuildFile; fileRef = 4A47BCA12CEE68F800873AF8 /* ContactsTableViewCell.swift */; };
		4A47BCC42CEE68F900873AF8 /* ContactsTableViewController.swift in Sources */ = {isa = PBXBuildFile; fileRef = 4A47BCA22CEE68F800873AF8 /* ContactsTableViewController.swift */; };
		4A47BCC52CEE68F900873AF8 /* EditTableViewController.swift in Sources */ = {isa = PBXBuildFile; fileRef = 4A47BCA42CEE68F800873AF8 /* EditTableViewController.swift */; };
		4A47BCC62CEE68F900873AF8 /* SettingsTableViewController.swift in Sources */ = {isa = PBXBuildFile; fileRef = 4A47BCA52CEE68F800873AF8 /* SettingsTableViewController.swift */; };
		4A47BCC72CEE68F900873AF8 /* LoginViewController.swift in Sources */ = {isa = PBXBuildFile; fileRef = 4A47BCA72CEE68F800873AF8 /* LoginViewController.swift */; };
		4A47BCC82CEE68F900873AF8 /* ViewController.swift in Sources */ = {isa = PBXBuildFile; fileRef = 4A47BCA82CEE68F800873AF8 /* ViewController.swift */; };
		4A47BCC92CEE68F900873AF8 /* AppDelegate.swift in Sources */ = {isa = PBXBuildFile; fileRef = 4A47BCAA2CEE68F800873AF8 /* AppDelegate.swift */; };
		4A47BCCA2CEE68F900873AF8 /* Constant.swift in Sources */ = {isa = PBXBuildFile; fileRef = 4A47BCAC2CEE68F800873AF8 /* Constant.swift */; };
		4A47BCCB2CEE68F900873AF8 /* SceneDelegate.swift in Sources */ = {isa = PBXBuildFile; fileRef = 4A47BCB32CEE68F800873AF8 /* SceneDelegate.swift */; };
		4A47BCCC2CEE68F900873AF8 /* WhatsAppPict.xcdatamodeld in Sources */ = {isa = PBXBuildFile; fileRef = 4A47BCB42CEE68F800873AF8 /* WhatsAppPict.xcdatamodeld */; };
		4A47BCCF2CEE68F900873AF8 /* WhatsAppCloneTests.swift in Sources */ = {isa = PBXBuildFile; fileRef = 4A47BCCD2CEE68F900873AF8 /* WhatsAppCloneTests.swift */; };
		4A47BCD32CEE68F900873AF8 /* WhatsAppCloneUITests.swift in Sources */ = {isa = PBXBuildFile; fileRef = 4A47BCD02CEE68F900873AF8 /* WhatsAppCloneUITests.swift */; };
		4A47BCD42CEE68F900873AF8 /* WhatsAppCloneUITestsLaunchTests.swift in Sources */ = {isa = PBXBuildFile; fileRef = 4A47BCD12CEE68F900873AF8 /* WhatsAppCloneUITestsLaunchTests.swift */; };
		4AC5BFF72CEF2862003EC06D /* ProfileTableViewController.swift in Sources */ = {isa = PBXBuildFile; fileRef = 4AC5BFF62CEF2862003EC06D /* ProfileTableViewController.swift */; };
/* End PBXBuildFile section */

/* Begin PBXContainerItemProxy section */
		4A26D0542CE4FA19001D5703 /* PBXContainerItemProxy */ = {
			isa = PBXContainerItemProxy;
			containerPortal = 4A26D0352CE4FA17001D5703 /* Project object */;
			proxyType = 1;
			remoteGlobalIDString = 4A26D03C2CE4FA17001D5703;
			remoteInfo = WhatsAppClone;
		};
		4A26D05E2CE4FA19001D5703 /* PBXContainerItemProxy */ = {
			isa = PBXContainerItemProxy;
			containerPortal = 4A26D0352CE4FA17001D5703 /* Project object */;
			proxyType = 1;
			remoteGlobalIDString = 4A26D03C2CE4FA17001D5703;
			remoteInfo = WhatsAppClone;
		};
/* End PBXContainerItemProxy section */

/* Begin PBXFileReference section */
		08E0AF6ED48CC6999BBDC86B /* Pods_WhatsAppClone.framework */ = {isa = PBXFileReference; explicitFileType = wrapper.framework; includeInIndex = 0; path = Pods_WhatsAppClone.framework; sourceTree = BUILT_PRODUCTS_DIR; };
		3713CD5DA7B859808B2A3B1B /* Pods-WhatsAppCloneTests.release.xcconfig */ = {isa = PBXFileReference; includeInIndex = 1; lastKnownFileType = text.xcconfig; name = "Pods-WhatsAppCloneTests.release.xcconfig"; path = "Target Support Files/Pods-WhatsAppCloneTests/Pods-WhatsAppCloneTests.release.xcconfig"; sourceTree = "<group>"; };
		4A26D03D2CE4FA17001D5703 /* WhatsAppClone.app */ = {isa = PBXFileReference; explicitFileType = wrapper.application; includeInIndex = 0; path = WhatsAppClone.app; sourceTree = BUILT_PRODUCTS_DIR; };
		4A26D0532CE4FA19001D5703 /* WhatsAppCloneTests.xctest */ = {isa = PBXFileReference; explicitFileType = wrapper.cfbundle; includeInIndex = 0; path = WhatsAppCloneTests.xctest; sourceTree = BUILT_PRODUCTS_DIR; };
		4A26D05D2CE4FA19001D5703 /* WhatsAppCloneUITests.xctest */ = {isa = PBXFileReference; explicitFileType = wrapper.cfbundle; includeInIndex = 0; path = WhatsAppCloneUITests.xctest; sourceTree = BUILT_PRODUCTS_DIR; };
		4A3CB2B12CEF73E6005C1BB7 /* RecentChat.swift */ = {isa = PBXFileReference; lastKnownFileType = sourcecode.swift; path = RecentChat.swift; sourceTree = "<group>"; };
		4A3CB2B42CEF83CE005C1BB7 /* RecentChatTableViewCell.swift */ = {isa = PBXFileReference; lastKnownFileType = sourcecode.swift; path = RecentChatTableViewCell.swift; sourceTree = "<group>"; };
		4A3CB2B62CEF8FAC005C1BB7 /* Extension.swift */ = {isa = PBXFileReference; lastKnownFileType = sourcecode.swift; path = Extension.swift; sourceTree = "<group>"; };
		4A3CB2B82CEF94C8005C1BB7 /* StartChatHelper.swift */ = {isa = PBXFileReference; lastKnownFileType = sourcecode.swift; path = StartChatHelper.swift; sourceTree = "<group>"; };
		4A3CB2BA2CEF9EB5005C1BB7 /* FirebaseRecentChatListener.swift */ = {isa = PBXFileReference; lastKnownFileType = sourcecode.swift; path = FirebaseRecentChatListener.swift; sourceTree = "<group>"; };
		4A3CB2BC2CEFA9A6005C1BB7 /* RecentChatTableViewController.swift */ = {isa = PBXFileReference; lastKnownFileType = sourcecode.swift; path = RecentChatTableViewController.swift; sourceTree = "<group>"; };
		4A47BC972CEE68F800873AF8 /* FCollectionReference.swift */ = {isa = PBXFileReference; lastKnownFileType = sourcecode.swift; path = FCollectionReference.swift; sourceTree = "<group>"; };
		4A47BC982CEE68F800873AF8 /* FirebaseStorageHelper.swift */ = {isa = PBXFileReference; lastKnownFileType = sourcecode.swift; path = FirebaseStorageHelper.swift; sourceTree = "<group>"; };
		4A47BC992CEE68F800873AF8 /* FirebaseUserListener.swift */ = {isa = PBXFileReference; lastKnownFileType = sourcecode.swift; path = FirebaseUserListener.swift; sourceTree = "<group>"; };
		4A47BC9B2CEE68F800873AF8 /* Util.swift */ = {isa = PBXFileReference; lastKnownFileType = sourcecode.swift; path = Util.swift; sourceTree = "<group>"; };
		4A47BC9F2CEE68F800873AF8 /* User.swift */ = {isa = PBXFileReference; lastKnownFileType = sourcecode.swift; path = User.swift; sourceTree = "<group>"; };
		4A47BCA12CEE68F800873AF8 /* ContactsTableViewCell.swift */ = {isa = PBXFileReference; lastKnownFileType = sourcecode.swift; path = ContactsTableViewCell.swift; sourceTree = "<group>"; };
		4A47BCA22CEE68F800873AF8 /* ContactsTableViewController.swift */ = {isa = PBXFileReference; lastKnownFileType = sourcecode.swift; path = ContactsTableViewController.swift; sourceTree = "<group>"; };
		4A47BCA42CEE68F800873AF8 /* EditTableViewController.swift */ = {isa = PBXFileReference; lastKnownFileType = sourcecode.swift; path = EditTableViewController.swift; sourceTree = "<group>"; };
		4A47BCA52CEE68F800873AF8 /* SettingsTableViewController.swift */ = {isa = PBXFileReference; lastKnownFileType = sourcecode.swift; path = SettingsTableViewController.swift; sourceTree = "<group>"; };
		4A47BCA72CEE68F800873AF8 /* LoginViewController.swift */ = {isa = PBXFileReference; lastKnownFileType = sourcecode.swift; path = LoginViewController.swift; sourceTree = "<group>"; };
		4A47BCA82CEE68F800873AF8 /* ViewController.swift */ = {isa = PBXFileReference; lastKnownFileType = sourcecode.swift; path = ViewController.swift; sourceTree = "<group>"; };
		4A47BCAA2CEE68F800873AF8 /* AppDelegate.swift */ = {isa = PBXFileReference; lastKnownFileType = sourcecode.swift; path = AppDelegate.swift; sourceTree = "<group>"; };
		4A47BCAB2CEE68F800873AF8 /* Assets.xcassets */ = {isa = PBXFileReference; lastKnownFileType = folder.assetcatalog; path = Assets.xcassets; sourceTree = "<group>"; };
		4A47BCAC2CEE68F800873AF8 /* Constant.swift */ = {isa = PBXFileReference; lastKnownFileType = sourcecode.swift; path = Constant.swift; sourceTree = "<group>"; };
		4A47BCAD2CEE68F800873AF8 /* GoogleService-Info.plist */ = {isa = PBXFileReference; lastKnownFileType = text.plist.xml; path = "GoogleService-Info.plist"; sourceTree = "<group>"; };
		4A47BCAE2CEE68F800873AF8 /* Info.plist */ = {isa = PBXFileReference; lastKnownFileType = text.plist.xml; path = Info.plist; sourceTree = "<group>"; };
		4A47BCAF2CEE68F800873AF8 /* Base */ = {isa = PBXFileReference; lastKnownFileType = file.storyboard; name = Base; path = Base.lproj/LaunchScreen.storyboard; sourceTree = "<group>"; };
		4A47BCB12CEE68F800873AF8 /* Base */ = {isa = PBXFileReference; lastKnownFileType = file.storyboard; name = Base; path = Base.lproj/Main.storyboard; sourceTree = "<group>"; };
		4A47BCB32CEE68F800873AF8 /* SceneDelegate.swift */ = {isa = PBXFileReference; lastKnownFileType = sourcecode.swift; path = SceneDelegate.swift; sourceTree = "<group>"; };
		4A47BCB62CEE68F900873AF8 /* WhatsAppPict.xcdatamodel */ = {isa = PBXFileReference; lastKnownFileType = wrapper.xcdatamodel; path = WhatsAppPict.xcdatamodel; sourceTree = "<group>"; };
		4A47BCCD2CEE68F900873AF8 /* WhatsAppCloneTests.swift */ = {isa = PBXFileReference; lastKnownFileType = sourcecode.swift; path = WhatsAppCloneTests.swift; sourceTree = "<group>"; };
		4A47BCD02CEE68F900873AF8 /* WhatsAppCloneUITests.swift */ = {isa = PBXFileReference; lastKnownFileType = sourcecode.swift; path = WhatsAppCloneUITests.swift; sourceTree = "<group>"; };
		4A47BCD12CEE68F900873AF8 /* WhatsAppCloneUITestsLaunchTests.swift */ = {isa = PBXFileReference; lastKnownFileType = sourcecode.swift; path = WhatsAppCloneUITestsLaunchTests.swift; sourceTree = "<group>"; };
		4AC5BFF62CEF2862003EC06D /* ProfileTableViewController.swift */ = {isa = PBXFileReference; lastKnownFileType = sourcecode.swift; path = ProfileTableViewController.swift; sourceTree = "<group>"; };
		B98F2F11EB0B6890EB1A6171 /* Pods-WhatsAppClone.debug.xcconfig */ = {isa = PBXFileReference; includeInIndex = 1; lastKnownFileType = text.xcconfig; name = "Pods-WhatsAppClone.debug.xcconfig"; path = "Target Support Files/Pods-WhatsAppClone/Pods-WhatsAppClone.debug.xcconfig"; sourceTree = "<group>"; };
		BF143F889F1AB3EDCE168916 /* Pods_WhatsAppCloneTests.framework */ = {isa = PBXFileReference; explicitFileType = wrapper.framework; includeInIndex = 0; path = Pods_WhatsAppCloneTests.framework; sourceTree = BUILT_PRODUCTS_DIR; };
		BFE52D27FD3A2347F73907C8 /* Pods-WhatsAppCloneTests.debug.xcconfig */ = {isa = PBXFileReference; includeInIndex = 1; lastKnownFileType = text.xcconfig; name = "Pods-WhatsAppCloneTests.debug.xcconfig"; path = "Target Support Files/Pods-WhatsAppCloneTests/Pods-WhatsAppCloneTests.debug.xcconfig"; sourceTree = "<group>"; };
		C69C0D4EE9DE25D72DCF0E88 /* Pods-WhatsAppClone-WhatsAppCloneUITests.debug.xcconfig */ = {isa = PBXFileReference; includeInIndex = 1; lastKnownFileType = text.xcconfig; name = "Pods-WhatsAppClone-WhatsAppCloneUITests.debug.xcconfig"; path = "Target Support Files/Pods-WhatsAppClone-WhatsAppCloneUITests/Pods-WhatsAppClone-WhatsAppCloneUITests.debug.xcconfig"; sourceTree = "<group>"; };
		D94DA8B8907480C9A32078AE /* Pods-WhatsAppClone.release.xcconfig */ = {isa = PBXFileReference; includeInIndex = 1; lastKnownFileType = text.xcconfig; name = "Pods-WhatsAppClone.release.xcconfig"; path = "Target Support Files/Pods-WhatsAppClone/Pods-WhatsAppClone.release.xcconfig"; sourceTree = "<group>"; };
		E0112DBDC20361C62F36743C /* Pods_WhatsAppClone_WhatsAppCloneUITests.framework */ = {isa = PBXFileReference; explicitFileType = wrapper.framework; includeInIndex = 0; path = Pods_WhatsAppClone_WhatsAppCloneUITests.framework; sourceTree = BUILT_PRODUCTS_DIR; };
		EE680AF68989991CB657583C /* Pods-WhatsAppClone-WhatsAppCloneUITests.release.xcconfig */ = {isa = PBXFileReference; includeInIndex = 1; lastKnownFileType = text.xcconfig; name = "Pods-WhatsAppClone-WhatsAppCloneUITests.release.xcconfig"; path = "Target Support Files/Pods-WhatsAppClone-WhatsAppCloneUITests/Pods-WhatsAppClone-WhatsAppCloneUITests.release.xcconfig"; sourceTree = "<group>"; };
/* End PBXFileReference section */

/* Begin PBXFrameworksBuildPhase section */
		4A26D03A2CE4FA17001D5703 /* Frameworks */ = {
			isa = PBXFrameworksBuildPhase;
			buildActionMask = 2147483647;
			files = (
				2950E5D3A9DD94ECBBC7CC4C /* Pods_WhatsAppClone.framework in Frameworks */,
			);
			runOnlyForDeploymentPostprocessing = 0;
		};
		4A26D0502CE4FA19001D5703 /* Frameworks */ = {
			isa = PBXFrameworksBuildPhase;
			buildActionMask = 2147483647;
			files = (
				2C4A5890DFD070CF61E76202 /* Pods_WhatsAppCloneTests.framework in Frameworks */,
			);
			runOnlyForDeploymentPostprocessing = 0;
		};
		4A26D05A2CE4FA19001D5703 /* Frameworks */ = {
			isa = PBXFrameworksBuildPhase;
			buildActionMask = 2147483647;
			files = (
				33F1BB101D81E96FB8633CD2 /* Pods_WhatsAppClone_WhatsAppCloneUITests.framework in Frameworks */,
			);
			runOnlyForDeploymentPostprocessing = 0;
		};
/* End PBXFrameworksBuildPhase section */

/* Begin PBXGroup section */
		1D041F8697D300198C253BB2 /* Pods */ = {
			isa = PBXGroup;
			children = (
				B98F2F11EB0B6890EB1A6171 /* Pods-WhatsAppClone.debug.xcconfig */,
				D94DA8B8907480C9A32078AE /* Pods-WhatsAppClone.release.xcconfig */,
				C69C0D4EE9DE25D72DCF0E88 /* Pods-WhatsAppClone-WhatsAppCloneUITests.debug.xcconfig */,
				EE680AF68989991CB657583C /* Pods-WhatsAppClone-WhatsAppCloneUITests.release.xcconfig */,
				BFE52D27FD3A2347F73907C8 /* Pods-WhatsAppCloneTests.debug.xcconfig */,
				3713CD5DA7B859808B2A3B1B /* Pods-WhatsAppCloneTests.release.xcconfig */,
			);
			path = Pods;
			sourceTree = "<group>";
		};
		4A26D0342CE4FA17001D5703 = {
			isa = PBXGroup;
			children = (
				4A47BCB52CEE68F800873AF8 /* WhatsAppClone */,
				4A47BCCE2CEE68F900873AF8 /* WhatsAppCloneTests */,
				4A47BCD22CEE68F900873AF8 /* WhatsAppCloneUITests */,
				4A26D03E2CE4FA17001D5703 /* Products */,
				1D041F8697D300198C253BB2 /* Pods */,
				C4396ED0A90AC989265E2A66 /* Frameworks */,
			);
			sourceTree = "<group>";
		};
		4A26D03E2CE4FA17001D5703 /* Products */ = {
			isa = PBXGroup;
			children = (
				4A26D03D2CE4FA17001D5703 /* WhatsAppClone.app */,
				4A26D0532CE4FA19001D5703 /* WhatsAppCloneTests.xctest */,
				4A26D05D2CE4FA19001D5703 /* WhatsAppCloneUITests.xctest */,
			);
			name = Products;
			sourceTree = "<group>";
		};
		4A3CB2B32CEF83AA005C1BB7 /* RecentChatView */ = {
			isa = PBXGroup;
			children = (
				4A3CB2B42CEF83CE005C1BB7 /* RecentChatTableViewCell.swift */,
				4A3CB2BC2CEFA9A6005C1BB7 /* RecentChatTableViewController.swift */,
			);
			path = RecentChatView;
			sourceTree = "<group>";
		};
		4A47BC9A2CEE68F800873AF8 /* FirebaseHelper */ = {
			isa = PBXGroup;
			children = (
				4A47BC972CEE68F800873AF8 /* FCollectionReference.swift */,
				4A47BC982CEE68F800873AF8 /* FirebaseStorageHelper.swift */,
				4A47BC992CEE68F800873AF8 /* FirebaseUserListener.swift */,
				4A3CB2BA2CEF9EB5005C1BB7 /* FirebaseRecentChatListener.swift */,
			);
			path = FirebaseHelper;
			sourceTree = "<group>";
		};
		4A47BC9C2CEE68F800873AF8 /* Helper */ = {
			isa = PBXGroup;
			children = (
				4A47BC9B2CEE68F800873AF8 /* Util.swift */,
				4A3CB2B62CEF8FAC005C1BB7 /* Extension.swift */,
				4A3CB2B82CEF94C8005C1BB7 /* StartChatHelper.swift */,
			);
			path = Helper;
			sourceTree = "<group>";
		};
		4A47BCA02CEE68F800873AF8 /* Model */ = {
			isa = PBXGroup;
			children = (
				4A47BC9F2CEE68F800873AF8 /* User.swift */,
				4A3CB2B12CEF73E6005C1BB7 /* RecentChat.swift */,
			);
			path = Model;
			sourceTree = "<group>";
		};
		4A47BCA32CEE68F800873AF8 /* ContactsView */ = {
			isa = PBXGroup;
			children = (
				4A47BCA12CEE68F800873AF8 /* ContactsTableViewCell.swift */,
				4A47BCA22CEE68F800873AF8 /* ContactsTableViewController.swift */,
			);
			path = ContactsView;
			sourceTree = "<group>";
		};
		4A47BCA62CEE68F800873AF8 /* SettingView */ = {
			isa = PBXGroup;
			children = (
				4A47BCA42CEE68F800873AF8 /* EditTableViewController.swift */,
				4A47BCA52CEE68F800873AF8 /* SettingsTableViewController.swift */,
			);
			path = SettingView;
			sourceTree = "<group>";
		};
		4A47BCA92CEE68F800873AF8 /* View */ = {
			isa = PBXGroup;
			children = (
				4A3CB2B32CEF83AA005C1BB7 /* RecentChatView */,
				4A47BCA32CEE68F800873AF8 /* ContactsView */,
				4A47BCA62CEE68F800873AF8 /* SettingView */,
				4A47BCA72CEE68F800873AF8 /* LoginViewController.swift */,
				4A47BCA82CEE68F800873AF8 /* ViewController.swift */,
				4AC5BFF62CEF2862003EC06D /* ProfileTableViewController.swift */,
			);
			path = View;
			sourceTree = "<group>";
		};
		4A47BCB52CEE68F800873AF8 /* WhatsAppClone */ = {
			isa = PBXGroup;
			children = (
				4A47BC9A2CEE68F800873AF8 /* FirebaseHelper */,
				4A47BC9C2CEE68F800873AF8 /* Helper */,
				4A47BCA02CEE68F800873AF8 /* Model */,
				4A47BCA92CEE68F800873AF8 /* View */,
				4A47BCAA2CEE68F800873AF8 /* AppDelegate.swift */,
				4A47BCAB2CEE68F800873AF8 /* Assets.xcassets */,
				4A47BCAC2CEE68F800873AF8 /* Constant.swift */,
				4A47BCAD2CEE68F800873AF8 /* GoogleService-Info.plist */,
				4A47BCAE2CEE68F800873AF8 /* Info.plist */,
				4A47BCB02CEE68F800873AF8 /* LaunchScreen.storyboard */,
				4A47BCB22CEE68F800873AF8 /* Main.storyboard */,
				4A47BCB32CEE68F800873AF8 /* SceneDelegate.swift */,
				4A47BCB42CEE68F800873AF8 /* WhatsAppPict.xcdatamodeld */,
			);
			path = WhatsAppClone;
			sourceTree = "<group>";
		};
		4A47BCCE2CEE68F900873AF8 /* WhatsAppCloneTests */ = {
			isa = PBXGroup;
			children = (
				4A47BCCD2CEE68F900873AF8 /* WhatsAppCloneTests.swift */,
			);
			path = WhatsAppCloneTests;
			sourceTree = "<group>";
		};
		4A47BCD22CEE68F900873AF8 /* WhatsAppCloneUITests */ = {
			isa = PBXGroup;
			children = (
				4A47BCD02CEE68F900873AF8 /* WhatsAppCloneUITests.swift */,
				4A47BCD12CEE68F900873AF8 /* WhatsAppCloneUITestsLaunchTests.swift */,
			);
			path = WhatsAppCloneUITests;
			sourceTree = "<group>";
		};
		C4396ED0A90AC989265E2A66 /* Frameworks */ = {
			isa = PBXGroup;
			children = (
				08E0AF6ED48CC6999BBDC86B /* Pods_WhatsAppClone.framework */,
				E0112DBDC20361C62F36743C /* Pods_WhatsAppClone_WhatsAppCloneUITests.framework */,
				BF143F889F1AB3EDCE168916 /* Pods_WhatsAppCloneTests.framework */,
			);
			name = Frameworks;
			sourceTree = "<group>";
		};
/* End PBXGroup section */

/* Begin PBXNativeTarget section */
		4A26D03C2CE4FA17001D5703 /* WhatsAppClone */ = {
			isa = PBXNativeTarget;
			buildConfigurationList = 4A26D0662CE4FA19001D5703 /* Build configuration list for PBXNativeTarget "WhatsAppClone" */;
			buildPhases = (
				B67865C3519B02CDF307192C /* [CP] Check Pods Manifest.lock */,
				4A26D0392CE4FA17001D5703 /* Sources */,
				4A26D03A2CE4FA17001D5703 /* Frameworks */,
				4A26D03B2CE4FA17001D5703 /* Resources */,
				D9C034E475258F9D860C3ADE /* [CP] Embed Pods Frameworks */,
			);
			buildRules = (
			);
			dependencies = (
			);
			name = WhatsAppClone;
			productName = WhatsAppClone;
			productReference = 4A26D03D2CE4FA17001D5703 /* WhatsAppClone.app */;
			productType = "com.apple.product-type.application";
		};
		4A26D0522CE4FA19001D5703 /* WhatsAppCloneTests */ = {
			isa = PBXNativeTarget;
			buildConfigurationList = 4A26D06B2CE4FA19001D5703 /* Build configuration list for PBXNativeTarget "WhatsAppCloneTests" */;
			buildPhases = (
				68D75182D51BF8AC666181F7 /* [CP] Check Pods Manifest.lock */,
				4A26D04F2CE4FA19001D5703 /* Sources */,
				4A26D0502CE4FA19001D5703 /* Frameworks */,
				4A26D0512CE4FA19001D5703 /* Resources */,
			);
			buildRules = (
			);
			dependencies = (
				4A26D0552CE4FA19001D5703 /* PBXTargetDependency */,
			);
			name = WhatsAppCloneTests;
			productName = WhatsAppCloneTests;
			productReference = 4A26D0532CE4FA19001D5703 /* WhatsAppCloneTests.xctest */;
			productType = "com.apple.product-type.bundle.unit-test";
		};
		4A26D05C2CE4FA19001D5703 /* WhatsAppCloneUITests */ = {
			isa = PBXNativeTarget;
			buildConfigurationList = 4A26D06E2CE4FA19001D5703 /* Build configuration list for PBXNativeTarget "WhatsAppCloneUITests" */;
			buildPhases = (
				F37CCC079B1556FA5E31EBA1 /* [CP] Check Pods Manifest.lock */,
				4A26D0592CE4FA19001D5703 /* Sources */,
				4A26D05A2CE4FA19001D5703 /* Frameworks */,
				4A26D05B2CE4FA19001D5703 /* Resources */,
				C1440A60AEBEE56CA3048B54 /* [CP] Embed Pods Frameworks */,
			);
			buildRules = (
			);
			dependencies = (
				4A26D05F2CE4FA19001D5703 /* PBXTargetDependency */,
			);
			name = WhatsAppCloneUITests;
			productName = WhatsAppCloneUITests;
			productReference = 4A26D05D2CE4FA19001D5703 /* WhatsAppCloneUITests.xctest */;
			productType = "com.apple.product-type.bundle.ui-testing";
		};
/* End PBXNativeTarget section */

/* Begin PBXProject section */
		4A26D0352CE4FA17001D5703 /* Project object */ = {
			isa = PBXProject;
			attributes = {
				BuildIndependentTargetsInParallel = 1;
				LastSwiftUpdateCheck = 1610;
				LastUpgradeCheck = 1610;
				TargetAttributes = {
					4A26D03C2CE4FA17001D5703 = {
						CreatedOnToolsVersion = 16.1;
					};
					4A26D0522CE4FA19001D5703 = {
						CreatedOnToolsVersion = 16.1;
						TestTargetID = 4A26D03C2CE4FA17001D5703;
					};
					4A26D05C2CE4FA19001D5703 = {
						CreatedOnToolsVersion = 16.1;
						TestTargetID = 4A26D03C2CE4FA17001D5703;
					};
				};
			};
			buildConfigurationList = 4A26D0382CE4FA17001D5703 /* Build configuration list for PBXProject "WhatsAppClone" */;
			developmentRegion = en;
			hasScannedForEncodings = 0;
			knownRegions = (
				en,
				Base,
			);
			mainGroup = 4A26D0342CE4FA17001D5703;
			minimizedProjectReferenceProxies = 1;
			preferredProjectObjectVersion = 77;
			productRefGroup = 4A26D03E2CE4FA17001D5703 /* Products */;
			projectDirPath = "";
			projectRoot = "";
			targets = (
				4A26D03C2CE4FA17001D5703 /* WhatsAppClone */,
				4A26D0522CE4FA19001D5703 /* WhatsAppCloneTests */,
				4A26D05C2CE4FA19001D5703 /* WhatsAppCloneUITests */,
			);
		};
/* End PBXProject section */

/* Begin PBXResourcesBuildPhase section */
		4A26D03B2CE4FA17001D5703 /* Resources */ = {
			isa = PBXResourcesBuildPhase;
			buildActionMask = 2147483647;
			files = (
				4A47BCB72CEE68F900873AF8 /* Assets.xcassets in Resources */,
				4A47BCB82CEE68F900873AF8 /* GoogleService-Info.plist in Resources */,
				4A47BCBA2CEE68F900873AF8 /* LaunchScreen.storyboard in Resources */,
				4A47BCBB2CEE68F900873AF8 /* Main.storyboard in Resources */,
			);
			runOnlyForDeploymentPostprocessing = 0;
		};
		4A26D0512CE4FA19001D5703 /* Resources */ = {
			isa = PBXResourcesBuildPhase;
			buildActionMask = 2147483647;
			files = (
			);
			runOnlyForDeploymentPostprocessing = 0;
		};
		4A26D05B2CE4FA19001D5703 /* Resources */ = {
			isa = PBXResourcesBuildPhase;
			buildActionMask = 2147483647;
			files = (
			);
			runOnlyForDeploymentPostprocessing = 0;
		};
/* End PBXResourcesBuildPhase section */

/* Begin PBXShellScriptBuildPhase section */
		68D75182D51BF8AC666181F7 /* [CP] Check Pods Manifest.lock */ = {
			isa = PBXShellScriptBuildPhase;
			buildActionMask = 2147483647;
			files = (
			);
			inputFileListPaths = (
			);
			inputPaths = (
				"${PODS_PODFILE_DIR_PATH}/Podfile.lock",
				"${PODS_ROOT}/Manifest.lock",
			);
			name = "[CP] Check Pods Manifest.lock";
			outputFileListPaths = (
			);
			outputPaths = (
				"$(DERIVED_FILE_DIR)/Pods-WhatsAppCloneTests-checkManifestLockResult.txt",
			);
			runOnlyForDeploymentPostprocessing = 0;
			shellPath = /bin/sh;
			shellScript = "diff \"${PODS_PODFILE_DIR_PATH}/Podfile.lock\" \"${PODS_ROOT}/Manifest.lock\" > /dev/null\nif [ $? != 0 ] ; then\n    # print error to STDERR\n    echo \"error: The sandbox is not in sync with the Podfile.lock. Run 'pod install' or update your CocoaPods installation.\" >&2\n    exit 1\nfi\n# This output is used by Xcode 'outputs' to avoid re-running this script phase.\necho \"SUCCESS\" > \"${SCRIPT_OUTPUT_FILE_0}\"\n";
			showEnvVarsInLog = 0;
		};
		B67865C3519B02CDF307192C /* [CP] Check Pods Manifest.lock */ = {
			isa = PBXShellScriptBuildPhase;
			buildActionMask = 2147483647;
			files = (
			);
			inputFileListPaths = (
			);
			inputPaths = (
				"${PODS_PODFILE_DIR_PATH}/Podfile.lock",
				"${PODS_ROOT}/Manifest.lock",
			);
			name = "[CP] Check Pods Manifest.lock";
			outputFileListPaths = (
			);
			outputPaths = (
				"$(DERIVED_FILE_DIR)/Pods-WhatsAppClone-checkManifestLockResult.txt",
			);
			runOnlyForDeploymentPostprocessing = 0;
			shellPath = /bin/sh;
			shellScript = "diff \"${PODS_PODFILE_DIR_PATH}/Podfile.lock\" \"${PODS_ROOT}/Manifest.lock\" > /dev/null\nif [ $? != 0 ] ; then\n    # print error to STDERR\n    echo \"error: The sandbox is not in sync with the Podfile.lock. Run 'pod install' or update your CocoaPods installation.\" >&2\n    exit 1\nfi\n# This output is used by Xcode 'outputs' to avoid re-running this script phase.\necho \"SUCCESS\" > \"${SCRIPT_OUTPUT_FILE_0}\"\n";
			showEnvVarsInLog = 0;
		};
		C1440A60AEBEE56CA3048B54 /* [CP] Embed Pods Frameworks */ = {
			isa = PBXShellScriptBuildPhase;
			buildActionMask = 2147483647;
			files = (
			);
			inputFileListPaths = (
				"${PODS_ROOT}/Target Support Files/Pods-WhatsAppClone-WhatsAppCloneUITests/Pods-WhatsAppClone-WhatsAppCloneUITests-frameworks-${CONFIGURATION}-input-files.xcfilelist",
			);
			name = "[CP] Embed Pods Frameworks";
			outputFileListPaths = (
				"${PODS_ROOT}/Target Support Files/Pods-WhatsAppClone-WhatsAppCloneUITests/Pods-WhatsAppClone-WhatsAppCloneUITests-frameworks-${CONFIGURATION}-output-files.xcfilelist",
			);
			runOnlyForDeploymentPostprocessing = 0;
			shellPath = /bin/sh;
			shellScript = "\"${PODS_ROOT}/Target Support Files/Pods-WhatsAppClone-WhatsAppCloneUITests/Pods-WhatsAppClone-WhatsAppCloneUITests-frameworks.sh\"\n";
			showEnvVarsInLog = 0;
		};
		D9C034E475258F9D860C3ADE /* [CP] Embed Pods Frameworks */ = {
			isa = PBXShellScriptBuildPhase;
			buildActionMask = 2147483647;
			files = (
			);
			inputFileListPaths = (
				"${PODS_ROOT}/Target Support Files/Pods-WhatsAppClone/Pods-WhatsAppClone-frameworks-${CONFIGURATION}-input-files.xcfilelist",
			);
			name = "[CP] Embed Pods Frameworks";
			outputFileListPaths = (
				"${PODS_ROOT}/Target Support Files/Pods-WhatsAppClone/Pods-WhatsAppClone-frameworks-${CONFIGURATION}-output-files.xcfilelist",
			);
			runOnlyForDeploymentPostprocessing = 0;
			shellPath = /bin/sh;
			shellScript = "\"${PODS_ROOT}/Target Support Files/Pods-WhatsAppClone/Pods-WhatsAppClone-frameworks.sh\"\n";
			showEnvVarsInLog = 0;
		};
		F37CCC079B1556FA5E31EBA1 /* [CP] Check Pods Manifest.lock */ = {
			isa = PBXShellScriptBuildPhase;
			buildActionMask = 2147483647;
			files = (
			);
			inputFileListPaths = (
			);
			inputPaths = (
				"${PODS_PODFILE_DIR_PATH}/Podfile.lock",
				"${PODS_ROOT}/Manifest.lock",
			);
			name = "[CP] Check Pods Manifest.lock";
			outputFileListPaths = (
			);
			outputPaths = (
				"$(DERIVED_FILE_DIR)/Pods-WhatsAppClone-WhatsAppCloneUITests-checkManifestLockResult.txt",
			);
			runOnlyForDeploymentPostprocessing = 0;
			shellPath = /bin/sh;
			shellScript = "diff \"${PODS_PODFILE_DIR_PATH}/Podfile.lock\" \"${PODS_ROOT}/Manifest.lock\" > /dev/null\nif [ $? != 0 ] ; then\n    # print error to STDERR\n    echo \"error: The sandbox is not in sync with the Podfile.lock. Run 'pod install' or update your CocoaPods installation.\" >&2\n    exit 1\nfi\n# This output is used by Xcode 'outputs' to avoid re-running this script phase.\necho \"SUCCESS\" > \"${SCRIPT_OUTPUT_FILE_0}\"\n";
			showEnvVarsInLog = 0;
		};
/* End PBXShellScriptBuildPhase section */

/* Begin PBXSourcesBuildPhase section */
		4A26D0392CE4FA17001D5703 /* Sources */ = {
			isa = PBXSourcesBuildPhase;
			buildActionMask = 2147483647;
			files = (
				4A3CB2B52CEF83CE005C1BB7 /* RecentChatTableViewCell.swift in Sources */,
				4AC5BFF72CEF2862003EC06D /* ProfileTableViewController.swift in Sources */,
				4A47BCBC2CEE68F900873AF8 /* FCollectionReference.swift in Sources */,
				4A3CB2BB2CEF9EB5005C1BB7 /* FirebaseRecentChatListener.swift in Sources */,
				4A47BCBD2CEE68F900873AF8 /* FirebaseStorageHelper.swift in Sources */,
				4A47BCBE2CEE68F900873AF8 /* FirebaseUserListener.swift in Sources */,
				4A47BCBF2CEE68F900873AF8 /* Util.swift in Sources */,
				4A47BCC22CEE68F900873AF8 /* User.swift in Sources */,
				4A3CB2B72CEF8FAC005C1BB7 /* Extension.swift in Sources */,
				4A47BCC32CEE68F900873AF8 /* ContactsTableViewCell.swift in Sources */,
				4A47BCC42CEE68F900873AF8 /* ContactsTableViewController.swift in Sources */,
				4A3CB2B92CEF94C8005C1BB7 /* StartChatHelper.swift in Sources */,
				4A3CB2BD2CEFA9A6005C1BB7 /* RecentChatTableViewController.swift in Sources */,
				4A47BCC52CEE68F900873AF8 /* EditTableViewController.swift in Sources */,
				4A3CB2B22CEF73E6005C1BB7 /* RecentChat.swift in Sources */,
				4A47BCC62CEE68F900873AF8 /* SettingsTableViewController.swift in Sources */,
				4A47BCC72CEE68F900873AF8 /* LoginViewController.swift in Sources */,
				4A47BCC82CEE68F900873AF8 /* ViewController.swift in Sources */,
				4A47BCC92CEE68F900873AF8 /* AppDelegate.swift in Sources */,
				4A47BCCA2CEE68F900873AF8 /* Constant.swift in Sources */,
				4A47BCCB2CEE68F900873AF8 /* SceneDelegate.swift in Sources */,
				4A47BCCC2CEE68F900873AF8 /* WhatsAppPict.xcdatamodeld in Sources */,
			);
			runOnlyForDeploymentPostprocessing = 0;
		};
		4A26D04F2CE4FA19001D5703 /* Sources */ = {
			isa = PBXSourcesBuildPhase;
			buildActionMask = 2147483647;
			files = (
				4A47BCCF2CEE68F900873AF8 /* WhatsAppCloneTests.swift in Sources */,
			);
			runOnlyForDeploymentPostprocessing = 0;
		};
		4A26D0592CE4FA19001D5703 /* Sources */ = {
			isa = PBXSourcesBuildPhase;
			buildActionMask = 2147483647;
			files = (
				4A47BCD32CEE68F900873AF8 /* WhatsAppCloneUITests.swift in Sources */,
				4A47BCD42CEE68F900873AF8 /* WhatsAppCloneUITestsLaunchTests.swift in Sources */,
			);
			runOnlyForDeploymentPostprocessing = 0;
		};
/* End PBXSourcesBuildPhase section */

/* Begin PBXTargetDependency section */
		4A26D0552CE4FA19001D5703 /* PBXTargetDependency */ = {
			isa = PBXTargetDependency;
			target = 4A26D03C2CE4FA17001D5703 /* WhatsAppClone */;
			targetProxy = 4A26D0542CE4FA19001D5703 /* PBXContainerItemProxy */;
		};
		4A26D05F2CE4FA19001D5703 /* PBXTargetDependency */ = {
			isa = PBXTargetDependency;
			target = 4A26D03C2CE4FA17001D5703 /* WhatsAppClone */;
			targetProxy = 4A26D05E2CE4FA19001D5703 /* PBXContainerItemProxy */;
		};
/* End PBXTargetDependency section */

/* Begin PBXVariantGroup section */
		4A47BCB02CEE68F800873AF8 /* LaunchScreen.storyboard */ = {
			isa = PBXVariantGroup;
			children = (
				4A47BCAF2CEE68F800873AF8 /* Base */,
			);
			name = LaunchScreen.storyboard;
			sourceTree = "<group>";
		};
		4A47BCB22CEE68F800873AF8 /* Main.storyboard */ = {
			isa = PBXVariantGroup;
			children = (
				4A47BCB12CEE68F800873AF8 /* Base */,
			);
			name = Main.storyboard;
			sourceTree = "<group>";
		};
/* End PBXVariantGroup section */

/* Begin XCBuildConfiguration section */
		4A26D0672CE4FA19001D5703 /* Debug */ = {
			isa = XCBuildConfiguration;
			baseConfigurationReference = B98F2F11EB0B6890EB1A6171 /* Pods-WhatsAppClone.debug.xcconfig */;
			buildSettings = {
				ASSETCATALOG_COMPILER_APPICON_NAME = AppIcon;
				ASSETCATALOG_COMPILER_GLOBAL_ACCENT_COLOR_NAME = AccentColor;
				CODE_SIGN_STYLE = Automatic;
				CURRENT_PROJECT_VERSION = 1;
				DEVELOPMENT_TEAM = TG5V34PW77;
				GENERATE_INFOPLIST_FILE = YES;
				INFOPLIST_FILE = WhatsAppClone/Info.plist;
				INFOPLIST_KEY_UIApplicationSupportsIndirectInputEvents = YES;
				INFOPLIST_KEY_UILaunchStoryboardName = LaunchScreen;
				INFOPLIST_KEY_UIMainStoryboardFile = Main;
				INFOPLIST_KEY_UISupportedInterfaceOrientations_iPad = "UIInterfaceOrientationPortrait UIInterfaceOrientationPortraitUpsideDown UIInterfaceOrientationLandscapeLeft UIInterfaceOrientationLandscapeRight";
				INFOPLIST_KEY_UISupportedInterfaceOrientations_iPhone = "UIInterfaceOrientationPortrait UIInterfaceOrientationLandscapeLeft UIInterfaceOrientationLandscapeRight";
				LD_RUNPATH_SEARCH_PATHS = (
					"$(inherited)",
					"@executable_path/Frameworks",
				);
				MARKETING_VERSION = 1.0;
				PRODUCT_BUNDLE_IDENTIFIER = com.ferry.WhatsAppClone;
				PRODUCT_NAME = "$(TARGET_NAME)";
				SWIFT_EMIT_LOC_STRINGS = YES;
				SWIFT_VERSION = 5.0;
				TARGETED_DEVICE_FAMILY = "1,2";
			};
			name = Debug;
		};
		4A26D0682CE4FA19001D5703 /* Release */ = {
			isa = XCBuildConfiguration;
			baseConfigurationReference = D94DA8B8907480C9A32078AE /* Pods-WhatsAppClone.release.xcconfig */;
			buildSettings = {
				ASSETCATALOG_COMPILER_APPICON_NAME = AppIcon;
				ASSETCATALOG_COMPILER_GLOBAL_ACCENT_COLOR_NAME = AccentColor;
				CODE_SIGN_STYLE = Automatic;
				CURRENT_PROJECT_VERSION = 1;
				DEVELOPMENT_TEAM = TG5V34PW77;
				GENERATE_INFOPLIST_FILE = YES;
				INFOPLIST_FILE = WhatsAppClone/Info.plist;
				INFOPLIST_KEY_UIApplicationSupportsIndirectInputEvents = YES;
				INFOPLIST_KEY_UILaunchStoryboardName = LaunchScreen;
				INFOPLIST_KEY_UIMainStoryboardFile = Main;
				INFOPLIST_KEY_UISupportedInterfaceOrientations_iPad = "UIInterfaceOrientationPortrait UIInterfaceOrientationPortraitUpsideDown UIInterfaceOrientationLandscapeLeft UIInterfaceOrientationLandscapeRight";
				INFOPLIST_KEY_UISupportedInterfaceOrientations_iPhone = "UIInterfaceOrientationPortrait UIInterfaceOrientationLandscapeLeft UIInterfaceOrientationLandscapeRight";
				LD_RUNPATH_SEARCH_PATHS = (
					"$(inherited)",
					"@executable_path/Frameworks",
				);
				MARKETING_VERSION = 1.0;
				PRODUCT_BUNDLE_IDENTIFIER = com.ferry.WhatsAppClone;
				PRODUCT_NAME = "$(TARGET_NAME)";
				SWIFT_EMIT_LOC_STRINGS = YES;
				SWIFT_VERSION = 5.0;
				TARGETED_DEVICE_FAMILY = "1,2";
			};
			name = Release;
		};
		4A26D0692CE4FA19001D5703 /* Debug */ = {
			isa = XCBuildConfiguration;
			buildSettings = {
				ALWAYS_SEARCH_USER_PATHS = NO;
				ASSETCATALOG_COMPILER_GENERATE_SWIFT_ASSET_SYMBOL_EXTENSIONS = YES;
				CLANG_ANALYZER_NONNULL = YES;
				CLANG_ANALYZER_NUMBER_OBJECT_CONVERSION = YES_AGGRESSIVE;
				CLANG_CXX_LANGUAGE_STANDARD = "gnu++20";
				CLANG_ENABLE_MODULES = YES;
				CLANG_ENABLE_OBJC_ARC = YES;
				CLANG_ENABLE_OBJC_WEAK = YES;
				CLANG_WARN_BLOCK_CAPTURE_AUTORELEASING = YES;
				CLANG_WARN_BOOL_CONVERSION = YES;
				CLANG_WARN_COMMA = YES;
				CLANG_WARN_CONSTANT_CONVERSION = YES;
				CLANG_WARN_DEPRECATED_OBJC_IMPLEMENTATIONS = YES;
				CLANG_WARN_DIRECT_OBJC_ISA_USAGE = YES_ERROR;
				CLANG_WARN_DOCUMENTATION_COMMENTS = YES;
				CLANG_WARN_EMPTY_BODY = YES;
				CLANG_WARN_ENUM_CONVERSION = YES;
				CLANG_WARN_INFINITE_RECURSION = YES;
				CLANG_WARN_INT_CONVERSION = YES;
				CLANG_WARN_NON_LITERAL_NULL_CONVERSION = YES;
				CLANG_WARN_OBJC_IMPLICIT_RETAIN_SELF = YES;
				CLANG_WARN_OBJC_LITERAL_CONVERSION = YES;
				CLANG_WARN_OBJC_ROOT_CLASS = YES_ERROR;
				CLANG_WARN_QUOTED_INCLUDE_IN_FRAMEWORK_HEADER = YES;
				CLANG_WARN_RANGE_LOOP_ANALYSIS = YES;
				CLANG_WARN_STRICT_PROTOTYPES = YES;
				CLANG_WARN_SUSPICIOUS_MOVE = YES;
				CLANG_WARN_UNGUARDED_AVAILABILITY = YES_AGGRESSIVE;
				CLANG_WARN_UNREACHABLE_CODE = YES;
				CLANG_WARN__DUPLICATE_METHOD_MATCH = YES;
				COPY_PHASE_STRIP = NO;
				DEBUG_INFORMATION_FORMAT = dwarf;
				ENABLE_STRICT_OBJC_MSGSEND = YES;
				ENABLE_TESTABILITY = YES;
				ENABLE_USER_SCRIPT_SANDBOXING = NO;
				GCC_C_LANGUAGE_STANDARD = gnu17;
				GCC_DYNAMIC_NO_PIC = NO;
				GCC_NO_COMMON_BLOCKS = YES;
				GCC_OPTIMIZATION_LEVEL = 0;
				GCC_PREPROCESSOR_DEFINITIONS = (
					"DEBUG=1",
					"$(inherited)",
				);
				GCC_WARN_64_TO_32_BIT_CONVERSION = YES;
				GCC_WARN_ABOUT_RETURN_TYPE = YES_ERROR;
				GCC_WARN_UNDECLARED_SELECTOR = YES;
				GCC_WARN_UNINITIALIZED_AUTOS = YES_AGGRESSIVE;
				GCC_WARN_UNUSED_FUNCTION = YES;
				GCC_WARN_UNUSED_VARIABLE = YES;
				IPHONEOS_DEPLOYMENT_TARGET = 18.1;
				LOCALIZATION_PREFERS_STRING_CATALOGS = YES;
				MTL_ENABLE_DEBUG_INFO = INCLUDE_SOURCE;
				MTL_FAST_MATH = YES;
				ONLY_ACTIVE_ARCH = YES;
				SDKROOT = iphoneos;
				SWIFT_ACTIVE_COMPILATION_CONDITIONS = "DEBUG $(inherited)";
				SWIFT_OPTIMIZATION_LEVEL = "-Onone";
			};
			name = Debug;
		};
		4A26D06A2CE4FA19001D5703 /* Release */ = {
			isa = XCBuildConfiguration;
			buildSettings = {
				ALWAYS_SEARCH_USER_PATHS = NO;
				ASSETCATALOG_COMPILER_GENERATE_SWIFT_ASSET_SYMBOL_EXTENSIONS = YES;
				CLANG_ANALYZER_NONNULL = YES;
				CLANG_ANALYZER_NUMBER_OBJECT_CONVERSION = YES_AGGRESSIVE;
				CLANG_CXX_LANGUAGE_STANDARD = "gnu++20";
				CLANG_ENABLE_MODULES = YES;
				CLANG_ENABLE_OBJC_ARC = YES;
				CLANG_ENABLE_OBJC_WEAK = YES;
				CLANG_WARN_BLOCK_CAPTURE_AUTORELEASING = YES;
				CLANG_WARN_BOOL_CONVERSION = YES;
				CLANG_WARN_COMMA = YES;
				CLANG_WARN_CONSTANT_CONVERSION = YES;
				CLANG_WARN_DEPRECATED_OBJC_IMPLEMENTATIONS = YES;
				CLANG_WARN_DIRECT_OBJC_ISA_USAGE = YES_ERROR;
				CLANG_WARN_DOCUMENTATION_COMMENTS = YES;
				CLANG_WARN_EMPTY_BODY = YES;
				CLANG_WARN_ENUM_CONVERSION = YES;
				CLANG_WARN_INFINITE_RECURSION = YES;
				CLANG_WARN_INT_CONVERSION = YES;
				CLANG_WARN_NON_LITERAL_NULL_CONVERSION = YES;
				CLANG_WARN_OBJC_IMPLICIT_RETAIN_SELF = YES;
				CLANG_WARN_OBJC_LITERAL_CONVERSION = YES;
				CLANG_WARN_OBJC_ROOT_CLASS = YES_ERROR;
				CLANG_WARN_QUOTED_INCLUDE_IN_FRAMEWORK_HEADER = YES;
				CLANG_WARN_RANGE_LOOP_ANALYSIS = YES;
				CLANG_WARN_STRICT_PROTOTYPES = YES;
				CLANG_WARN_SUSPICIOUS_MOVE = YES;
				CLANG_WARN_UNGUARDED_AVAILABILITY = YES_AGGRESSIVE;
				CLANG_WARN_UNREACHABLE_CODE = YES;
				CLANG_WARN__DUPLICATE_METHOD_MATCH = YES;
				COPY_PHASE_STRIP = NO;
				DEBUG_INFORMATION_FORMAT = "dwarf-with-dsym";
				ENABLE_NS_ASSERTIONS = NO;
				ENABLE_STRICT_OBJC_MSGSEND = YES;
				ENABLE_USER_SCRIPT_SANDBOXING = NO;
				GCC_C_LANGUAGE_STANDARD = gnu17;
				GCC_NO_COMMON_BLOCKS = YES;
				GCC_WARN_64_TO_32_BIT_CONVERSION = YES;
				GCC_WARN_ABOUT_RETURN_TYPE = YES_ERROR;
				GCC_WARN_UNDECLARED_SELECTOR = YES;
				GCC_WARN_UNINITIALIZED_AUTOS = YES_AGGRESSIVE;
				GCC_WARN_UNUSED_FUNCTION = YES;
				GCC_WARN_UNUSED_VARIABLE = YES;
				IPHONEOS_DEPLOYMENT_TARGET = 18.1;
				LOCALIZATION_PREFERS_STRING_CATALOGS = YES;
				MTL_ENABLE_DEBUG_INFO = NO;
				MTL_FAST_MATH = YES;
				SDKROOT = iphoneos;
				SWIFT_COMPILATION_MODE = wholemodule;
				VALIDATE_PRODUCT = YES;
			};
			name = Release;
		};
		4A26D06C2CE4FA19001D5703 /* Debug */ = {
			isa = XCBuildConfiguration;
			baseConfigurationReference = BFE52D27FD3A2347F73907C8 /* Pods-WhatsAppCloneTests.debug.xcconfig */;
			buildSettings = {
				BUNDLE_LOADER = "$(TEST_HOST)";
				CODE_SIGN_STYLE = Automatic;
				CURRENT_PROJECT_VERSION = 1;
				DEVELOPMENT_TEAM = TG5V34PW77;
				GENERATE_INFOPLIST_FILE = YES;
				IPHONEOS_DEPLOYMENT_TARGET = 18.1;
				MARKETING_VERSION = 1.0;
				PRODUCT_BUNDLE_IDENTIFIER = com.ferry.WhatsAppCloneTests;
				PRODUCT_NAME = "$(TARGET_NAME)";
				SWIFT_EMIT_LOC_STRINGS = NO;
				SWIFT_VERSION = 5.0;
				TARGETED_DEVICE_FAMILY = "1,2";
				TEST_HOST = "$(BUILT_PRODUCTS_DIR)/WhatsAppClone.app/$(BUNDLE_EXECUTABLE_FOLDER_PATH)/WhatsAppClone";
			};
			name = Debug;
		};
		4A26D06D2CE4FA19001D5703 /* Release */ = {
			isa = XCBuildConfiguration;
			baseConfigurationReference = 3713CD5DA7B859808B2A3B1B /* Pods-WhatsAppCloneTests.release.xcconfig */;
			buildSettings = {
				BUNDLE_LOADER = "$(TEST_HOST)";
				CODE_SIGN_STYLE = Automatic;
				CURRENT_PROJECT_VERSION = 1;
				DEVELOPMENT_TEAM = TG5V34PW77;
				GENERATE_INFOPLIST_FILE = YES;
				IPHONEOS_DEPLOYMENT_TARGET = 18.1;
				MARKETING_VERSION = 1.0;
				PRODUCT_BUNDLE_IDENTIFIER = com.ferry.WhatsAppCloneTests;
				PRODUCT_NAME = "$(TARGET_NAME)";
				SWIFT_EMIT_LOC_STRINGS = NO;
				SWIFT_VERSION = 5.0;
				TARGETED_DEVICE_FAMILY = "1,2";
				TEST_HOST = "$(BUILT_PRODUCTS_DIR)/WhatsAppClone.app/$(BUNDLE_EXECUTABLE_FOLDER_PATH)/WhatsAppClone";
			};
			name = Release;
		};
		4A26D06F2CE4FA19001D5703 /* Debug */ = {
			isa = XCBuildConfiguration;
			baseConfigurationReference = C69C0D4EE9DE25D72DCF0E88 /* Pods-WhatsAppClone-WhatsAppCloneUITests.debug.xcconfig */;
			buildSettings = {
				CODE_SIGN_STYLE = Automatic;
				CURRENT_PROJECT_VERSION = 1;
				DEVELOPMENT_TEAM = TG5V34PW77;
				GENERATE_INFOPLIST_FILE = YES;
				MARKETING_VERSION = 1.0;
				PRODUCT_BUNDLE_IDENTIFIER = com.ferry.WhatsAppCloneUITests;
				PRODUCT_NAME = "$(TARGET_NAME)";
				SWIFT_EMIT_LOC_STRINGS = NO;
				SWIFT_VERSION = 5.0;
				TARGETED_DEVICE_FAMILY = "1,2";
				TEST_TARGET_NAME = WhatsAppClone;
			};
			name = Debug;
		};
		4A26D0702CE4FA19001D5703 /* Release */ = {
			isa = XCBuildConfiguration;
			baseConfigurationReference = EE680AF68989991CB657583C /* Pods-WhatsAppClone-WhatsAppCloneUITests.release.xcconfig */;
			buildSettings = {
				CODE_SIGN_STYLE = Automatic;
				CURRENT_PROJECT_VERSION = 1;
				DEVELOPMENT_TEAM = TG5V34PW77;
				GENERATE_INFOPLIST_FILE = YES;
				MARKETING_VERSION = 1.0;
				PRODUCT_BUNDLE_IDENTIFIER = com.ferry.WhatsAppCloneUITests;
				PRODUCT_NAME = "$(TARGET_NAME)";
				SWIFT_EMIT_LOC_STRINGS = NO;
				SWIFT_VERSION = 5.0;
				TARGETED_DEVICE_FAMILY = "1,2";
				TEST_TARGET_NAME = WhatsAppClone;
			};
			name = Release;
		};
/* End XCBuildConfiguration section */

/* Begin XCConfigurationList section */
		4A26D0382CE4FA17001D5703 /* Build configuration list for PBXProject "WhatsAppClone" */ = {
			isa = XCConfigurationList;
			buildConfigurations = (
				4A26D0692CE4FA19001D5703 /* Debug */,
				4A26D06A2CE4FA19001D5703 /* Release */,
			);
			defaultConfigurationIsVisible = 0;
			defaultConfigurationName = Release;
		};
		4A26D0662CE4FA19001D5703 /* Build configuration list for PBXNativeTarget "WhatsAppClone" */ = {
			isa = XCConfigurationList;
			buildConfigurations = (
				4A26D0672CE4FA19001D5703 /* Debug */,
				4A26D0682CE4FA19001D5703 /* Release */,
			);
			defaultConfigurationIsVisible = 0;
			defaultConfigurationName = Release;
		};
		4A26D06B2CE4FA19001D5703 /* Build configuration list for PBXNativeTarget "WhatsAppCloneTests" */ = {
			isa = XCConfigurationList;
			buildConfigurations = (
				4A26D06C2CE4FA19001D5703 /* Debug */,
				4A26D06D2CE4FA19001D5703 /* Release */,
			);
			defaultConfigurationIsVisible = 0;
			defaultConfigurationName = Release;
		};
		4A26D06E2CE4FA19001D5703 /* Build configuration list for PBXNativeTarget "WhatsAppCloneUITests" */ = {
			isa = XCConfigurationList;
			buildConfigurations = (
				4A26D06F2CE4FA19001D5703 /* Debug */,
				4A26D0702CE4FA19001D5703 /* Release */,
			);
			defaultConfigurationIsVisible = 0;
			defaultConfigurationName = Release;
		};
/* End XCConfigurationList section */

/* Begin XCVersionGroup section */
		4A47BCB42CEE68F800873AF8 /* WhatsAppPict.xcdatamodeld */ = {
			isa = XCVersionGroup;
			children = (
				4A47BCB62CEE68F900873AF8 /* WhatsAppPict.xcdatamodel */,
			);
			currentVersion = 4A47BCB62CEE68F900873AF8 /* WhatsAppPict.xcdatamodel */;
			path = WhatsAppPict.xcdatamodeld;
			sourceTree = "<group>";
			versionGroupType = wrapper.xcdatamodel;
		};
/* End XCVersionGroup section */
	};
	rootObject = 4A26D0352CE4FA17001D5703 /* Project object */;
}
